{
  "version": 4,
  "terraform_version": "1.10.5",
  "serial": 831,
  "lineage": "9da1c6bd-07b7-930c-3419-ec189751da25",
  "outputs": {
    "load_balancer_dns_name": {
      "value": "rearc-test-lb-549069909.us-east-1.elb.amazonaws.com",
      "type": "string"
    },
    "public_ip": {
      "value": [
        "3.90.78.121",
        "54.163.91.92"
      ],
      "type": [
        "tuple",
        [
          "string",
          "string"
        ]
      ]
    }
  },
  "resources": [
    {
      "mode": "managed",
      "type": "aws_acm_certificate",
      "name": "self_signed_cert",
      "provider": "provider[\"registry.terraform.io/hashicorp/aws\"]",
      "instances": [
        {
          "schema_version": 0,
          "attributes": {
            "arn": "arn:aws:acm:us-east-1:221500065327:certificate/d0b8d24a-6a80-4ee5-9fce-e7cc12989efc",
            "certificate_authority_arn": "",
            "certificate_body": "-----BEGIN CERTIFICATE-----\nMIIDhDCCAmygAwIBAgIRAIiMOPwjVzxtPR8xIP0gD2IwDQYJKoZIhvcNAQELBQAw\nYjELMAkGA1UEBhMCSU4xEjAQBgNVBAgTCUthcm5hdGFrYTESMBAGA1UEBxMJQmFu\nZ2Fsb3JlMQ4wDAYDVQQKEwVSZWFyYzEbMBkGA1UEAxMSd3d3LnJlYXJjLXRlc3Qu\nY29tMB4XDTI1MDEyNjE4MzUyM1oXDTI2MDEyNjE4MzUyM1owYjELMAkGA1UEBhMC\nSU4xEjAQBgNVBAgTCUthcm5hdGFrYTESMBAGA1UEBxMJQmFuZ2Fsb3JlMQ4wDAYD\nVQQKEwVSZWFyYzEbMBkGA1UEAxMSd3d3LnJlYXJjLXRlc3QuY29tMIIBIjANBgkq\nhkiG9w0BAQEFAAOCAQ8AMIIBCgKCAQEAyj9vofh3w4MykHQ9LEQurww0yV7DgrSD\ncdp3xS8EpSGYQnETXx/1rR85ILP/L7kxdpufjc7Odp2ng8nXtTi5Vleis8jbarkH\nlyOQDOaRMfQ7iqGypn40BIeuld3Ab3TWJPRAyQ31VVMT0jEu41kVc/bZ/OnPx8sa\n3NHW0apDEIIw6e6Ppn5bIn1CfftNOeBPN1U3CSCg/j+cmPlHDNPBiS3xn0qtOGOg\nqprpKaRiY6yX1Zwm6iNLLjhNjyLj9CwrCeqQgVUImjEfNm+cbLZ1lZR1FW73Y5VR\nJw/+Q5Jd9qIUpxT8AUwEQya2LlDCtA/LosMfMlfuQr4t14GaQ4fIfQIDAQABozUw\nMzAOBgNVHQ8BAf8EBAMCBaAwEwYDVR0lBAwwCgYIKwYBBQUHAwEwDAYDVR0TAQH/\nBAIwADANBgkqhkiG9w0BAQsFAAOCAQEAUOg+okipf6NKN4GKZTffxg2DjKy16Bzq\nrjK9pexmUyPNN7Eopcv5qlz2VVyP1OpnhyFzXRhIbfxHPvGkXqIxXHulGVJ1vG+D\nJJDsodY9ZlBydmDORU8JSyhAJGp398ulGb7DDtqMFU2PL83WzLmqmF0ugUjCwKVz\n5Z1gNeMfXMMH0HkvzmB6IOcGwFGfZsZrUwIz352t5UIHvnDfHu7f7Eq4AUPfeWDw\nGUD6HimaB/nGF6rFFaYhOesLkRpz4UQq8ox4gU8GWRr5tn3z/6hNX+XdDG0jY6g0\nd1k0+EhccAuQgTnZWPvoeAUz1RJUWV6VCYlFvnIuLKGzEgXRisxufg==\n-----END CERTIFICATE-----\n",
            "certificate_chain": "-----BEGIN CERTIFICATE-----\nMIIDhDCCAmygAwIBAgIRAIiMOPwjVzxtPR8xIP0gD2IwDQYJKoZIhvcNAQELBQAw\nYjELMAkGA1UEBhMCSU4xEjAQBgNVBAgTCUthcm5hdGFrYTESMBAGA1UEBxMJQmFu\nZ2Fsb3JlMQ4wDAYDVQQKEwVSZWFyYzEbMBkGA1UEAxMSd3d3LnJlYXJjLXRlc3Qu\nY29tMB4XDTI1MDEyNjE4MzUyM1oXDTI2MDEyNjE4MzUyM1owYjELMAkGA1UEBhMC\nSU4xEjAQBgNVBAgTCUthcm5hdGFrYTESMBAGA1UEBxMJQmFuZ2Fsb3JlMQ4wDAYD\nVQQKEwVSZWFyYzEbMBkGA1UEAxMSd3d3LnJlYXJjLXRlc3QuY29tMIIBIjANBgkq\nhkiG9w0BAQEFAAOCAQ8AMIIBCgKCAQEAyj9vofh3w4MykHQ9LEQurww0yV7DgrSD\ncdp3xS8EpSGYQnETXx/1rR85ILP/L7kxdpufjc7Odp2ng8nXtTi5Vleis8jbarkH\nlyOQDOaRMfQ7iqGypn40BIeuld3Ab3TWJPRAyQ31VVMT0jEu41kVc/bZ/OnPx8sa\n3NHW0apDEIIw6e6Ppn5bIn1CfftNOeBPN1U3CSCg/j+cmPlHDNPBiS3xn0qtOGOg\nqprpKaRiY6yX1Zwm6iNLLjhNjyLj9CwrCeqQgVUImjEfNm+cbLZ1lZR1FW73Y5VR\nJw/+Q5Jd9qIUpxT8AUwEQya2LlDCtA/LosMfMlfuQr4t14GaQ4fIfQIDAQABozUw\nMzAOBgNVHQ8BAf8EBAMCBaAwEwYDVR0lBAwwCgYIKwYBBQUHAwEwDAYDVR0TAQH/\nBAIwADANBgkqhkiG9w0BAQsFAAOCAQEAUOg+okipf6NKN4GKZTffxg2DjKy16Bzq\nrjK9pexmUyPNN7Eopcv5qlz2VVyP1OpnhyFzXRhIbfxHPvGkXqIxXHulGVJ1vG+D\nJJDsodY9ZlBydmDORU8JSyhAJGp398ulGb7DDtqMFU2PL83WzLmqmF0ugUjCwKVz\n5Z1gNeMfXMMH0HkvzmB6IOcGwFGfZsZrUwIz352t5UIHvnDfHu7f7Eq4AUPfeWDw\nGUD6HimaB/nGF6rFFaYhOesLkRpz4UQq8ox4gU8GWRr5tn3z/6hNX+XdDG0jY6g0\nd1k0+EhccAuQgTnZWPvoeAUz1RJUWV6VCYlFvnIuLKGzEgXRisxufg==\n-----END CERTIFICATE-----\n",
            "domain_name": "www.rearc-test.com",
            "domain_validation_options": [],
            "early_renewal_duration": "",
            "id": "arn:aws:acm:us-east-1:221500065327:certificate/d0b8d24a-6a80-4ee5-9fce-e7cc12989efc",
            "key_algorithm": "RSA_2048",
            "not_after": "2026-01-26T18:35:23Z",
            "not_before": "2025-01-26T18:35:23Z",
            "options": [
              {
                "certificate_transparency_logging_preference": "DISABLED"
              }
            ],
            "pending_renewal": false,
            "private_key": "-----BEGIN RSA PRIVATE KEY-----\nMIIEpAIBAAKCAQEAyj9vofh3w4MykHQ9LEQurww0yV7DgrSDcdp3xS8EpSGYQnET\nXx/1rR85ILP/L7kxdpufjc7Odp2ng8nXtTi5Vleis8jbarkHlyOQDOaRMfQ7iqGy\npn40BIeuld3Ab3TWJPRAyQ31VVMT0jEu41kVc/bZ/OnPx8sa3NHW0apDEIIw6e6P\npn5bIn1CfftNOeBPN1U3CSCg/j+cmPlHDNPBiS3xn0qtOGOgqprpKaRiY6yX1Zwm\n6iNLLjhNjyLj9CwrCeqQgVUImjEfNm+cbLZ1lZR1FW73Y5VRJw/+Q5Jd9qIUpxT8\nAUwEQya2LlDCtA/LosMfMlfuQr4t14GaQ4fIfQIDAQABAoIBAQCWLXSfOPj1XL53\nNVkXPanMoauwu4VB0Pip2ieFa9xvIfsFmyFfSUQMQVsSRZX/wexQvk5D5oS432g8\nG+zozC4TRw+xoDwNi0dvmyCj87Fs/oYX8unNZ3kIxBeHgRobqQ46coSIxqydpwrY\n0VyXxNaBPZOwkY2QNejEf6ycE2mpHzF2U60BTC5uigiVC2yHaxIxr2B5YWDjhyJQ\nF0RgrMIdEzTaYnWeMQdge7xejTd4Ke05CfiLzX8nBhrN0YNwiMKv9E52gGUkA3jB\nyPLoaoWP4l3Kr2D09GnbjrEeU5LCXZ0nPNyO3IaSQGIwqAk8foAJrqr/RHteQjzU\nI8MJxJkBAoGBAOOSSyJzXpT4futniDPUpDyLJY+VCOdypSLaL30vlXOpuyfRklYc\nPHelcBqgyiudqZugHBhI2L6v2rZf/r94k/sp6/TcDULRBkiB3B0Pupsl/EPvD0Tx\nj2JSnwHw+Qxnt+8P78K70PEaCusa2fIbt4ku3nKr+SisHo3H6XLUQIOFAoGBAOOD\nS4lewm6dLSSMj0mb/RsmDfmj+Z9XzBrDvvMF7uBGcXk5dcM4vEdFXy0rq0IQ32U8\nfZDZ57gG/H30c+LR+MvLVhwoK03n7YnfnqAOQdm1M9/xPGk815qpN7njDOB88U3B\nbgKKvwNCUpsi5b1Wsb/dEbjIRvrv5bjF5rrpaNaZAoGAPORoNk+ofzP+wf5x82xy\nhcC1zDWUrFmA1lKLYnPZCZng+kaZYXEsvNcHqBheAE2vlHTDD7xuQpfLbgFBqPoa\nnpoZCOvYoIhNphkZTK1owRro5USSUWBRfX2eDmbsPOWD0fPxs6mNvvW49i+5IY9J\nDOv9mbFqefeUNVvIm3Ev0gECgYBnQ4abeSki77A3sJywul5tXh5luqloS39WfpZC\n0+SSYybJ8OykiTHb337Nj86Rk/rxhj0v69eizXj46mVXBBq61TXmXc0Z9TT5qUfk\nOdRlrjs3X9UdpwHtLvUeKBIGKm+T7UGzYapFHmtEAtjn0VuoS/zpM+4To6NO9HQ/\nTgXJsQKBgQDTGpCqS6/whEi9dbkRVxGGv5s26ga2Z8t6CIlKGtl6sUdbuwBCu4tk\nkcphQVe43BnnPIKh5ctbB0UyQibjpe84Im2p905T9xhli78ED0cBQCcDwERm5PXp\n8gClM1NYysSFXvO/oBm+7GvxqzgG8yRcT7345YdauTdDiUMcXOqCLw==\n-----END RSA PRIVATE KEY-----\n",
            "renewal_eligibility": "INELIGIBLE",
            "renewal_summary": [],
            "status": "ISSUED",
            "subject_alternative_names": [
              "www.rearc-test.com"
            ],
            "tags": {},
            "tags_all": {},
            "type": "IMPORTED",
            "validation_emails": [],
            "validation_method": "NONE",
            "validation_option": []
          },
          "sensitive_attributes": [
            [
              {
                "type": "get_attr",
                "value": "private_key"
              }
            ]
          ],
          "private": "bnVsbA==",
          "dependencies": [
            "tls_private_key.private_key",
            "tls_self_signed_cert.self_signed_cert"
          ]
        }
      ]
    },
    {
      "mode": "managed",
      "type": "aws_iam_instance_profile",
      "name": "ec2_profile",
      "provider": "provider[\"registry.terraform.io/hashicorp/aws\"]",
      "instances": [
        {
          "schema_version": 0,
          "attributes": {
            "arn": "arn:aws:iam::221500065327:instance-profile/EC2ProfileForECR",
            "create_date": "2025-01-26T18:35:26Z",
            "id": "EC2ProfileForECR",
            "name": "EC2ProfileForECR",
            "name_prefix": "",
            "path": "/",
            "role": "EC2RoleForECR",
            "tags": {},
            "tags_all": {},
            "unique_id": "AIPATHETOYYXUZMUIXZUA"
          },
          "sensitive_attributes": [],
          "private": "bnVsbA==",
          "dependencies": [
            "aws_iam_role.ec2_role"
          ]
        }
      ]
    },
    {
      "mode": "managed",
      "type": "aws_iam_role",
      "name": "ec2_role",
      "provider": "provider[\"registry.terraform.io/hashicorp/aws\"]",
      "instances": [
        {
          "schema_version": 0,
          "attributes": {
            "arn": "arn:aws:iam::221500065327:role/EC2RoleForECR",
            "assume_role_policy": "{\"Statement\":[{\"Action\":\"sts:AssumeRole\",\"Effect\":\"Allow\",\"Principal\":{\"Service\":\"ec2.amazonaws.com\"}}],\"Version\":\"2012-10-17\"}",
            "create_date": "2025-01-26T18:35:25Z",
            "description": "",
            "force_detach_policies": false,
            "id": "EC2RoleForECR",
            "inline_policy": [],
            "managed_policy_arns": [
              "arn:aws:iam::aws:policy/AmazonEC2ContainerRegistryReadOnly"
            ],
            "max_session_duration": 3600,
            "name": "EC2RoleForECR",
            "name_prefix": "",
            "path": "/",
            "permissions_boundary": "",
            "tags": {},
            "tags_all": {},
            "unique_id": "AROATHETOYYX7TD4T4SXC"
          },
          "sensitive_attributes": [],
          "private": "bnVsbA=="
        }
      ]
    },
    {
      "mode": "managed",
      "type": "aws_iam_role_policy_attachment",
      "name": "ecr_access",
      "provider": "provider[\"registry.terraform.io/hashicorp/aws\"]",
      "instances": [
        {
          "schema_version": 0,
          "attributes": {
            "id": "EC2RoleForECR-20250126183527307900000002",
            "policy_arn": "arn:aws:iam::aws:policy/AmazonEC2ContainerRegistryReadOnly",
            "role": "EC2RoleForECR"
          },
          "sensitive_attributes": [],
          "private": "bnVsbA==",
          "dependencies": [
            "aws_iam_role.ec2_role"
          ]
        }
      ]
    },
    {
      "mode": "managed",
      "type": "aws_iam_server_certificate",
      "name": "local_cert",
      "provider": "provider[\"registry.terraform.io/hashicorp/aws\"]",
      "instances": [
        {
          "schema_version": 0,
          "attributes": {
            "arn": "arn:aws:iam::221500065327:server-certificate/local-self-signed-cert",
            "certificate_body": "-----BEGIN CERTIFICATE-----\nMIIDhDCCAmygAwIBAgIRAIiMOPwjVzxtPR8xIP0gD2IwDQYJKoZIhvcNAQELBQAw\nYjELMAkGA1UEBhMCSU4xEjAQBgNVBAgTCUthcm5hdGFrYTESMBAGA1UEBxMJQmFu\nZ2Fsb3JlMQ4wDAYDVQQKEwVSZWFyYzEbMBkGA1UEAxMSd3d3LnJlYXJjLXRlc3Qu\nY29tMB4XDTI1MDEyNjE4MzUyM1oXDTI2MDEyNjE4MzUyM1owYjELMAkGA1UEBhMC\nSU4xEjAQBgNVBAgTCUthcm5hdGFrYTESMBAGA1UEBxMJQmFuZ2Fsb3JlMQ4wDAYD\nVQQKEwVSZWFyYzEbMBkGA1UEAxMSd3d3LnJlYXJjLXRlc3QuY29tMIIBIjANBgkq\nhkiG9w0BAQEFAAOCAQ8AMIIBCgKCAQEAyj9vofh3w4MykHQ9LEQurww0yV7DgrSD\ncdp3xS8EpSGYQnETXx/1rR85ILP/L7kxdpufjc7Odp2ng8nXtTi5Vleis8jbarkH\nlyOQDOaRMfQ7iqGypn40BIeuld3Ab3TWJPRAyQ31VVMT0jEu41kVc/bZ/OnPx8sa\n3NHW0apDEIIw6e6Ppn5bIn1CfftNOeBPN1U3CSCg/j+cmPlHDNPBiS3xn0qtOGOg\nqprpKaRiY6yX1Zwm6iNLLjhNjyLj9CwrCeqQgVUImjEfNm+cbLZ1lZR1FW73Y5VR\nJw/+Q5Jd9qIUpxT8AUwEQya2LlDCtA/LosMfMlfuQr4t14GaQ4fIfQIDAQABozUw\nMzAOBgNVHQ8BAf8EBAMCBaAwEwYDVR0lBAwwCgYIKwYBBQUHAwEwDAYDVR0TAQH/\nBAIwADANBgkqhkiG9w0BAQsFAAOCAQEAUOg+okipf6NKN4GKZTffxg2DjKy16Bzq\nrjK9pexmUyPNN7Eopcv5qlz2VVyP1OpnhyFzXRhIbfxHPvGkXqIxXHulGVJ1vG+D\nJJDsodY9ZlBydmDORU8JSyhAJGp398ulGb7DDtqMFU2PL83WzLmqmF0ugUjCwKVz\n5Z1gNeMfXMMH0HkvzmB6IOcGwFGfZsZrUwIz352t5UIHvnDfHu7f7Eq4AUPfeWDw\nGUD6HimaB/nGF6rFFaYhOesLkRpz4UQq8ox4gU8GWRr5tn3z/6hNX+XdDG0jY6g0\nd1k0+EhccAuQgTnZWPvoeAUz1RJUWV6VCYlFvnIuLKGzEgXRisxufg==\n-----END CERTIFICATE-----",
            "certificate_chain": "",
            "expiration": "2026-01-26T18:35:23Z",
            "id": "ASCATHETOYYXYZEW7IFFS",
            "name": "local-self-signed-cert",
            "name_prefix": "",
            "path": "/",
            "private_key": "-----BEGIN RSA PRIVATE KEY-----\nMIIEpAIBAAKCAQEAyj9vofh3w4MykHQ9LEQurww0yV7DgrSDcdp3xS8EpSGYQnET\nXx/1rR85ILP/L7kxdpufjc7Odp2ng8nXtTi5Vleis8jbarkHlyOQDOaRMfQ7iqGy\npn40BIeuld3Ab3TWJPRAyQ31VVMT0jEu41kVc/bZ/OnPx8sa3NHW0apDEIIw6e6P\npn5bIn1CfftNOeBPN1U3CSCg/j+cmPlHDNPBiS3xn0qtOGOgqprpKaRiY6yX1Zwm\n6iNLLjhNjyLj9CwrCeqQgVUImjEfNm+cbLZ1lZR1FW73Y5VRJw/+Q5Jd9qIUpxT8\nAUwEQya2LlDCtA/LosMfMlfuQr4t14GaQ4fIfQIDAQABAoIBAQCWLXSfOPj1XL53\nNVkXPanMoauwu4VB0Pip2ieFa9xvIfsFmyFfSUQMQVsSRZX/wexQvk5D5oS432g8\nG+zozC4TRw+xoDwNi0dvmyCj87Fs/oYX8unNZ3kIxBeHgRobqQ46coSIxqydpwrY\n0VyXxNaBPZOwkY2QNejEf6ycE2mpHzF2U60BTC5uigiVC2yHaxIxr2B5YWDjhyJQ\nF0RgrMIdEzTaYnWeMQdge7xejTd4Ke05CfiLzX8nBhrN0YNwiMKv9E52gGUkA3jB\nyPLoaoWP4l3Kr2D09GnbjrEeU5LCXZ0nPNyO3IaSQGIwqAk8foAJrqr/RHteQjzU\nI8MJxJkBAoGBAOOSSyJzXpT4futniDPUpDyLJY+VCOdypSLaL30vlXOpuyfRklYc\nPHelcBqgyiudqZugHBhI2L6v2rZf/r94k/sp6/TcDULRBkiB3B0Pupsl/EPvD0Tx\nj2JSnwHw+Qxnt+8P78K70PEaCusa2fIbt4ku3nKr+SisHo3H6XLUQIOFAoGBAOOD\nS4lewm6dLSSMj0mb/RsmDfmj+Z9XzBrDvvMF7uBGcXk5dcM4vEdFXy0rq0IQ32U8\nfZDZ57gG/H30c+LR+MvLVhwoK03n7YnfnqAOQdm1M9/xPGk815qpN7njDOB88U3B\nbgKKvwNCUpsi5b1Wsb/dEbjIRvrv5bjF5rrpaNaZAoGAPORoNk+ofzP+wf5x82xy\nhcC1zDWUrFmA1lKLYnPZCZng+kaZYXEsvNcHqBheAE2vlHTDD7xuQpfLbgFBqPoa\nnpoZCOvYoIhNphkZTK1owRro5USSUWBRfX2eDmbsPOWD0fPxs6mNvvW49i+5IY9J\nDOv9mbFqefeUNVvIm3Ev0gECgYBnQ4abeSki77A3sJywul5tXh5luqloS39WfpZC\n0+SSYybJ8OykiTHb337Nj86Rk/rxhj0v69eizXj46mVXBBq61TXmXc0Z9TT5qUfk\nOdRlrjs3X9UdpwHtLvUeKBIGKm+T7UGzYapFHmtEAtjn0VuoS/zpM+4To6NO9HQ/\nTgXJsQKBgQDTGpCqS6/whEi9dbkRVxGGv5s26ga2Z8t6CIlKGtl6sUdbuwBCu4tk\nkcphQVe43BnnPIKh5ctbB0UyQibjpe84Im2p905T9xhli78ED0cBQCcDwERm5PXp\n8gClM1NYysSFXvO/oBm+7GvxqzgG8yRcT7345YdauTdDiUMcXOqCLw==\n-----END RSA PRIVATE KEY-----",
            "tags": {},
            "tags_all": {},
            "timeouts": null,
            "upload_date": "2025-01-26T18:35:25Z"
          },
          "sensitive_attributes": [
            [
              {
                "type": "get_attr",
                "value": "private_key"
              }
            ]
          ],
          "private": "eyJlMmJmYjczMC1lY2FhLTExZTYtOGY4OC0zNDM2M2JjN2M0YzAiOnsiZGVsZXRlIjo5MDAwMDAwMDAwMDB9fQ==",
          "dependencies": [
            "tls_private_key.private_key",
            "tls_self_signed_cert.self_signed_cert"
          ]
        }
      ]
    },
    {
      "mode": "managed",
      "type": "aws_instance",
      "name": "app_instance",
      "provider": "provider[\"registry.terraform.io/hashicorp/aws\"]",
      "instances": [
        {
          "index_key": 0,
          "schema_version": 1,
          "attributes": {
            "ami": "ami-0ac4dfaf1c5c0cce9",
            "arn": "arn:aws:ec2:us-east-1:221500065327:instance/i-0828d6c00954479c8",
            "associate_public_ip_address": true,
            "availability_zone": "us-east-1a",
            "capacity_reservation_specification": [
              {
                "capacity_reservation_preference": "open",
                "capacity_reservation_target": []
              }
            ],
            "cpu_core_count": 1,
            "cpu_options": [
              {
                "amd_sev_snp": "",
                "core_count": 1,
                "threads_per_core": 1
              }
            ],
            "cpu_threads_per_core": 1,
            "credit_specification": [
              {
                "cpu_credits": "standard"
              }
            ],
            "disable_api_stop": false,
            "disable_api_termination": false,
            "ebs_block_device": [],
            "ebs_optimized": false,
            "enable_primary_ipv6": null,
            "enclave_options": [
              {
                "enabled": false
              }
            ],
            "ephemeral_block_device": [],
            "get_password_data": false,
            "hibernation": false,
            "host_id": "",
            "host_resource_group_arn": null,
            "iam_instance_profile": "EC2ProfileForECR",
            "id": "i-0828d6c00954479c8",
            "instance_initiated_shutdown_behavior": "stop",
            "instance_lifecycle": "",
            "instance_market_options": [],
            "instance_state": "running",
            "instance_type": "t2.micro",
            "ipv6_address_count": 0,
            "ipv6_addresses": [],
            "key_name": "rearc-key",
            "launch_template": [],
            "maintenance_options": [
              {
                "auto_recovery": "default"
              }
            ],
            "metadata_options": [
              {
                "http_endpoint": "enabled",
                "http_protocol_ipv6": "disabled",
                "http_put_response_hop_limit": 2,
                "http_tokens": "required",
                "instance_metadata_tags": "disabled"
              }
            ],
            "monitoring": false,
            "network_interface": [],
            "outpost_arn": "",
            "password_data": "",
            "placement_group": "",
            "placement_partition_number": 0,
            "primary_network_interface_id": "eni-0329a3c3eb24e80fb",
            "private_dns": "ip-172-31-96-72.ec2.internal",
            "private_dns_name_options": [
              {
                "enable_resource_name_dns_a_record": false,
                "enable_resource_name_dns_aaaa_record": false,
                "hostname_type": "ip-name"
              }
            ],
            "private_ip": "172.31.96.72",
            "public_dns": "ec2-3-90-78-121.compute-1.amazonaws.com",
            "public_ip": "3.90.78.121",
            "root_block_device": [
              {
                "delete_on_termination": true,
                "device_name": "/dev/xvda",
                "encrypted": false,
                "iops": 3000,
                "kms_key_id": "",
                "tags": {},
                "tags_all": {},
                "throughput": 125,
                "volume_id": "vol-05761cc8c3f41d612",
                "volume_size": 8,
                "volume_type": "gp3"
              }
            ],
            "secondary_private_ips": [],
            "security_groups": [
              "sg-0ea0b9285e2afb6ea"
            ],
            "source_dest_check": true,
            "spot_instance_request_id": "",
            "subnet_id": "subnet-083e08fcc3fb8489a",
            "tags": {
              "Name": "Rearc-Test Instance"
            },
            "tags_all": {
              "Name": "Rearc-Test Instance"
            },
            "tenancy": "default",
            "timeouts": null,
            "user_data": "fb75e1d54538eaafc2c1836757cde2c0e3914b8f",
            "user_data_base64": null,
            "user_data_replace_on_change": false,
            "volume_tags": null,
            "vpc_security_group_ids": [
              "sg-0ea0b9285e2afb6ea"
            ]
          },
          "sensitive_attributes": [],
          "private": "eyJlMmJmYjczMC1lY2FhLTExZTYtOGY4OC0zNDM2M2JjN2M0YzAiOnsiY3JlYXRlIjo2MDAwMDAwMDAwMDAsImRlbGV0ZSI6MTIwMDAwMDAwMDAwMCwicmVhZCI6OTAwMDAwMDAwMDAwLCJ1cGRhdGUiOjYwMDAwMDAwMDAwMH0sInNjaGVtYV92ZXJzaW9uIjoiMSJ9",
          "dependencies": [
            "aws_iam_instance_profile.ec2_profile",
            "aws_iam_role.ec2_role",
            "aws_key_pair.deployer_key",
            "aws_security_group.web_sg"
          ]
        },
        {
          "index_key": 1,
          "schema_version": 1,
          "attributes": {
            "ami": "ami-0ac4dfaf1c5c0cce9",
            "arn": "arn:aws:ec2:us-east-1:221500065327:instance/i-089efa1c0d8e397fd",
            "associate_public_ip_address": true,
            "availability_zone": "us-east-1b",
            "capacity_reservation_specification": [
              {
                "capacity_reservation_preference": "open",
                "capacity_reservation_target": []
              }
            ],
            "cpu_core_count": 1,
            "cpu_options": [
              {
                "amd_sev_snp": "",
                "core_count": 1,
                "threads_per_core": 1
              }
            ],
            "cpu_threads_per_core": 1,
            "credit_specification": [
              {
                "cpu_credits": "standard"
              }
            ],
            "disable_api_stop": false,
            "disable_api_termination": false,
            "ebs_block_device": [],
            "ebs_optimized": false,
            "enable_primary_ipv6": null,
            "enclave_options": [
              {
                "enabled": false
              }
            ],
            "ephemeral_block_device": [],
            "get_password_data": false,
            "hibernation": false,
            "host_id": "",
            "host_resource_group_arn": null,
            "iam_instance_profile": "EC2ProfileForECR",
            "id": "i-089efa1c0d8e397fd",
            "instance_initiated_shutdown_behavior": "stop",
            "instance_lifecycle": "",
            "instance_market_options": [],
            "instance_state": "running",
            "instance_type": "t2.micro",
            "ipv6_address_count": 0,
            "ipv6_addresses": [],
            "key_name": "rearc-key",
            "launch_template": [],
            "maintenance_options": [
              {
                "auto_recovery": "default"
              }
            ],
            "metadata_options": [
              {
                "http_endpoint": "enabled",
                "http_protocol_ipv6": "disabled",
                "http_put_response_hop_limit": 2,
                "http_tokens": "required",
                "instance_metadata_tags": "disabled"
              }
            ],
            "monitoring": false,
            "network_interface": [],
            "outpost_arn": "",
            "password_data": "",
            "placement_group": "",
            "placement_partition_number": 0,
            "primary_network_interface_id": "eni-0f926056ddd693484",
            "private_dns": "ip-172-31-97-15.ec2.internal",
            "private_dns_name_options": [
              {
                "enable_resource_name_dns_a_record": false,
                "enable_resource_name_dns_aaaa_record": false,
                "hostname_type": "ip-name"
              }
            ],
            "private_ip": "172.31.97.15",
            "public_dns": "ec2-54-163-91-92.compute-1.amazonaws.com",
            "public_ip": "54.163.91.92",
            "root_block_device": [
              {
                "delete_on_termination": true,
                "device_name": "/dev/xvda",
                "encrypted": false,
                "iops": 3000,
                "kms_key_id": "",
                "tags": {},
                "tags_all": {},
                "throughput": 125,
                "volume_id": "vol-0bfd1ff466bdbb744",
                "volume_size": 8,
                "volume_type": "gp3"
              }
            ],
            "secondary_private_ips": [],
            "security_groups": [
              "sg-0ea0b9285e2afb6ea"
            ],
            "source_dest_check": true,
            "spot_instance_request_id": "",
            "subnet_id": "subnet-020c51a8d5fdbf428",
            "tags": {
              "Name": "Rearc-Test Instance"
            },
            "tags_all": {
              "Name": "Rearc-Test Instance"
            },
            "tenancy": "default",
            "timeouts": null,
            "user_data": "fb75e1d54538eaafc2c1836757cde2c0e3914b8f",
            "user_data_base64": null,
            "user_data_replace_on_change": false,
            "volume_tags": null,
            "vpc_security_group_ids": [
              "sg-0ea0b9285e2afb6ea"
            ]
          },
          "sensitive_attributes": [],
          "private": "eyJlMmJmYjczMC1lY2FhLTExZTYtOGY4OC0zNDM2M2JjN2M0YzAiOnsiY3JlYXRlIjo2MDAwMDAwMDAwMDAsImRlbGV0ZSI6MTIwMDAwMDAwMDAwMCwicmVhZCI6OTAwMDAwMDAwMDAwLCJ1cGRhdGUiOjYwMDAwMDAwMDAwMH0sInNjaGVtYV92ZXJzaW9uIjoiMSJ9",
          "dependencies": [
            "aws_iam_instance_profile.ec2_profile",
            "aws_iam_role.ec2_role",
            "aws_key_pair.deployer_key",
            "aws_security_group.web_sg"
          ]
        }
      ]
    },
    {
      "mode": "managed",
      "type": "aws_key_pair",
      "name": "deployer_key",
      "provider": "provider[\"registry.terraform.io/hashicorp/aws\"]",
      "instances": [
        {
          "schema_version": 1,
          "attributes": {
            "arn": "arn:aws:ec2:us-east-1:221500065327:key-pair/rearc-key",
            "fingerprint": "69:6a:df:c9:fa:16:60:39:ae:1d:fb:47:79:a0:c3:9a",
            "id": "rearc-key",
            "key_name": "rearc-key",
            "key_name_prefix": "",
            "key_pair_id": "key-00b7b3d7042cf36c4",
            "key_type": "rsa",
            "public_key": "ssh-rsa AAAAB3NzaC1yc2EAAAADAQABAAABAQCVmoGfwLebm0P3UlvZRYHD+CHzYatYQCDwlifwqZbyqKAw5qxFstDmPYNhmpgZj3FXXq3E0gUNqlPFJSzencRw0WIoAFsyac5DVwZ94ZK4hkGiDY9wYiGE410REdvPWzeCicpQGvre57mYiBh0Hx0RrFKcj/EJmZQCOebIS0M6FObNceZw4JzeZjyAkvG9lyPd7QA9DYg+r1KBdDiVLHlAn18Y0aLLg2yCCGRm2FDpBht8bgMnfTB9Thvj05bUcoQOshxysP+P3HXVbRl16Tq41XtiRSyFQNWAJPYMtKuujEOM2CA7HbFcYSxbvr01J5HorJZuVOGmE1t1cgsQLljh rsa-key-20250125",
            "tags": {},
            "tags_all": {}
          },
          "sensitive_attributes": [],
          "private": "eyJzY2hlbWFfdmVyc2lvbiI6IjEifQ=="
        }
      ]
    },
    {
      "mode": "managed",
      "type": "aws_lb",
      "name": "app_lb",
      "provider": "provider[\"registry.terraform.io/hashicorp/aws\"]",
      "instances": [
        {
          "schema_version": 0,
          "attributes": {
            "access_logs": [
              {
                "bucket": "",
                "enabled": false,
                "prefix": ""
              }
            ],
            "arn": "arn:aws:elasticloadbalancing:us-east-1:221500065327:loadbalancer/app/rearc-test-lb/564d52bfd2d7a45c",
            "arn_suffix": "app/rearc-test-lb/564d52bfd2d7a45c",
            "client_keep_alive": 3600,
            "connection_logs": [
              {
                "bucket": "",
                "enabled": false,
                "prefix": ""
              }
            ],
            "customer_owned_ipv4_pool": "",
            "desync_mitigation_mode": "defensive",
            "dns_name": "rearc-test-lb-549069909.us-east-1.elb.amazonaws.com",
            "dns_record_client_routing_policy": null,
            "drop_invalid_header_fields": false,
            "enable_cross_zone_load_balancing": true,
            "enable_deletion_protection": false,
            "enable_http2": true,
            "enable_tls_version_and_cipher_suite_headers": false,
            "enable_waf_fail_open": false,
            "enable_xff_client_port": false,
            "enable_zonal_shift": false,
            "enforce_security_group_inbound_rules_on_private_link_traffic": "",
            "id": "arn:aws:elasticloadbalancing:us-east-1:221500065327:loadbalancer/app/rearc-test-lb/564d52bfd2d7a45c",
            "idle_timeout": 60,
            "internal": false,
            "ip_address_type": "ipv4",
            "load_balancer_type": "application",
            "name": "rearc-test-lb",
            "name_prefix": "",
            "preserve_host_header": false,
            "security_groups": [
              "sg-0ea0b9285e2afb6ea"
            ],
            "subnet_mapping": [
              {
                "allocation_id": "",
                "ipv6_address": "",
                "outpost_id": "",
                "private_ipv4_address": "",
                "subnet_id": "subnet-020c51a8d5fdbf428"
              },
              {
                "allocation_id": "",
                "ipv6_address": "",
                "outpost_id": "",
                "private_ipv4_address": "",
                "subnet_id": "subnet-083e08fcc3fb8489a"
              }
            ],
            "subnets": [
              "subnet-020c51a8d5fdbf428",
              "subnet-083e08fcc3fb8489a"
            ],
            "tags": {},
            "tags_all": {},
            "timeouts": null,
            "vpc_id": "vpc-0e236649d31a84209",
            "xff_header_processing_mode": "append",
            "zone_id": "Z35SXDOTRQ7X7K"
          },
          "sensitive_attributes": [],
          "private": "eyJlMmJmYjczMC1lY2FhLTExZTYtOGY4OC0zNDM2M2JjN2M0YzAiOnsiY3JlYXRlIjo2MDAwMDAwMDAwMDAsImRlbGV0ZSI6NjAwMDAwMDAwMDAwLCJ1cGRhdGUiOjYwMDAwMDAwMDAwMH19",
          "dependencies": [
            "aws_security_group.web_sg"
          ]
        }
      ]
    },
    {
      "mode": "managed",
      "type": "aws_lb_listener",
      "name": "https_listener",
      "provider": "provider[\"registry.terraform.io/hashicorp/aws\"]",
      "instances": [
        {
          "schema_version": 0,
          "attributes": {
            "alpn_policy": null,
            "arn": "arn:aws:elasticloadbalancing:us-east-1:221500065327:listener/app/rearc-test-lb/564d52bfd2d7a45c/d4e33ef353c7ee7c",
            "certificate_arn": "arn:aws:acm:us-east-1:221500065327:certificate/d0b8d24a-6a80-4ee5-9fce-e7cc12989efc",
            "default_action": [
              {
                "authenticate_cognito": [],
                "authenticate_oidc": [],
                "fixed_response": [],
                "forward": [],
                "order": 1,
                "redirect": [],
                "target_group_arn": "arn:aws:elasticloadbalancing:us-east-1:221500065327:targetgroup/app-tg/aaf8f6a262836533",
                "type": "forward"
              }
            ],
            "id": "arn:aws:elasticloadbalancing:us-east-1:221500065327:listener/app/rearc-test-lb/564d52bfd2d7a45c/d4e33ef353c7ee7c",
            "load_balancer_arn": "arn:aws:elasticloadbalancing:us-east-1:221500065327:loadbalancer/app/rearc-test-lb/564d52bfd2d7a45c",
            "mutual_authentication": [
              {
                "advertise_trust_store_ca_names": "",
                "ignore_client_certificate_expiry": false,
                "mode": "off",
                "trust_store_arn": ""
              }
            ],
            "port": 5000,
            "protocol": "HTTPS",
            "routing_http_request_x_amzn_mtls_clientcert_header_name": "",
            "routing_http_request_x_amzn_mtls_clientcert_issuer_header_name": "",
            "routing_http_request_x_amzn_mtls_clientcert_leaf_header_name": "",
            "routing_http_request_x_amzn_mtls_clientcert_serial_number_header_name": "",
            "routing_http_request_x_amzn_mtls_clientcert_subject_header_name": "",
            "routing_http_request_x_amzn_mtls_clientcert_validity_header_name": "",
            "routing_http_request_x_amzn_tls_cipher_suite_header_name": "",
            "routing_http_request_x_amzn_tls_version_header_name": "",
            "routing_http_response_access_control_allow_credentials_header_value": "",
            "routing_http_response_access_control_allow_headers_header_value": "",
            "routing_http_response_access_control_allow_methods_header_value": "",
            "routing_http_response_access_control_allow_origin_header_value": "",
            "routing_http_response_access_control_expose_headers_header_value": "",
            "routing_http_response_access_control_max_age_header_value": "",
            "routing_http_response_content_security_policy_header_value": "",
            "routing_http_response_server_enabled": false,
            "routing_http_response_strict_transport_security_header_value": "",
            "routing_http_response_x_content_type_options_header_value": "",
            "routing_http_response_x_frame_options_header_value": "",
            "ssl_policy": "ELBSecurityPolicy-2016-08",
            "tags": {},
            "tags_all": {},
            "tcp_idle_timeout_seconds": null,
            "timeouts": null
          },
          "sensitive_attributes": [],
          "private": "eyJlMmJmYjczMC1lY2FhLTExZTYtOGY4OC0zNDM2M2JjN2M0YzAiOnsiY3JlYXRlIjozMDAwMDAwMDAwMDAsInVwZGF0ZSI6MzAwMDAwMDAwMDAwfX0=",
          "dependencies": [
            "aws_acm_certificate.self_signed_cert",
            "aws_lb.app_lb",
            "aws_lb_target_group.app_tg",
            "aws_security_group.web_sg",
            "tls_private_key.private_key",
            "tls_self_signed_cert.self_signed_cert"
          ]
        }
      ]
    },
    {
      "mode": "managed",
      "type": "aws_lb_target_group",
      "name": "app_tg",
      "provider": "provider[\"registry.terraform.io/hashicorp/aws\"]",
      "instances": [
        {
          "schema_version": 0,
          "attributes": {
            "arn": "arn:aws:elasticloadbalancing:us-east-1:221500065327:targetgroup/app-tg/aaf8f6a262836533",
            "arn_suffix": "targetgroup/app-tg/aaf8f6a262836533",
            "connection_termination": null,
            "deregistration_delay": "300",
            "health_check": [
              {
                "enabled": true,
                "healthy_threshold": 2,
                "interval": 30,
                "matcher": "200",
                "path": "/",
                "port": "5000",
                "protocol": "HTTP",
                "timeout": 5,
                "unhealthy_threshold": 3
              }
            ],
            "id": "arn:aws:elasticloadbalancing:us-east-1:221500065327:targetgroup/app-tg/aaf8f6a262836533",
            "ip_address_type": "ipv4",
            "lambda_multi_value_headers_enabled": false,
            "load_balancer_arns": [
              "arn:aws:elasticloadbalancing:us-east-1:221500065327:loadbalancer/app/rearc-test-lb/564d52bfd2d7a45c"
            ],
            "load_balancing_algorithm_type": "round_robin",
            "load_balancing_anomaly_mitigation": "off",
            "load_balancing_cross_zone_enabled": "use_load_balancer_configuration",
            "name": "app-tg",
            "name_prefix": "",
            "port": 5000,
            "preserve_client_ip": null,
            "protocol": "HTTP",
            "protocol_version": "HTTP1",
            "proxy_protocol_v2": false,
            "slow_start": 0,
            "stickiness": [
              {
                "cookie_duration": 86400,
                "cookie_name": "",
                "enabled": false,
                "type": "lb_cookie"
              }
            ],
            "tags": {},
            "tags_all": {},
            "target_failover": [
              {
                "on_deregistration": null,
                "on_unhealthy": null
              }
            ],
            "target_group_health": [
              {
                "dns_failover": [
                  {
                    "minimum_healthy_targets_count": "1",
                    "minimum_healthy_targets_percentage": "off"
                  }
                ],
                "unhealthy_state_routing": [
                  {
                    "minimum_healthy_targets_count": 1,
                    "minimum_healthy_targets_percentage": "off"
                  }
                ]
              }
            ],
            "target_health_state": [
              {
                "enable_unhealthy_connection_termination": null,
                "unhealthy_draining_interval": null
              }
            ],
            "target_type": "instance",
            "vpc_id": "vpc-0e236649d31a84209"
          },
          "sensitive_attributes": [],
          "private": "bnVsbA=="
        }
      ]
    },
    {
      "mode": "managed",
      "type": "aws_lb_target_group_attachment",
      "name": "app_instance_attachment",
      "provider": "provider[\"registry.terraform.io/hashicorp/aws\"]",
      "instances": [
        {
          "index_key": 0,
          "schema_version": 0,
          "attributes": {
            "availability_zone": null,
            "id": "arn:aws:elasticloadbalancing:us-east-1:221500065327:targetgroup/app-tg/aaf8f6a262836533-20250126184548857000000004",
            "port": 5000,
            "target_group_arn": "arn:aws:elasticloadbalancing:us-east-1:221500065327:targetgroup/app-tg/aaf8f6a262836533",
            "target_id": "i-0828d6c00954479c8"
          },
          "sensitive_attributes": [],
          "private": "bnVsbA==",
          "dependencies": [
            "aws_iam_instance_profile.ec2_profile",
            "aws_iam_role.ec2_role",
            "aws_instance.app_instance",
            "aws_key_pair.deployer_key",
            "aws_lb_target_group.app_tg",
            "aws_security_group.web_sg"
          ]
        },
        {
          "index_key": 1,
          "schema_version": 0,
          "attributes": {
            "availability_zone": null,
            "id": "arn:aws:elasticloadbalancing:us-east-1:221500065327:targetgroup/app-tg/aaf8f6a262836533-20250126184548765500000003",
            "port": 5000,
            "target_group_arn": "arn:aws:elasticloadbalancing:us-east-1:221500065327:targetgroup/app-tg/aaf8f6a262836533",
            "target_id": "i-089efa1c0d8e397fd"
          },
          "sensitive_attributes": [],
          "private": "bnVsbA==",
          "dependencies": [
            "aws_iam_instance_profile.ec2_profile",
            "aws_iam_role.ec2_role",
            "aws_instance.app_instance",
            "aws_key_pair.deployer_key",
            "aws_lb_target_group.app_tg",
            "aws_security_group.web_sg"
          ]
        }
      ]
    },
    {
      "mode": "managed",
      "type": "aws_security_group",
      "name": "web_sg",
      "provider": "provider[\"registry.terraform.io/hashicorp/aws\"]",
      "instances": [
        {
          "schema_version": 1,
          "attributes": {
            "arn": "arn:aws:ec2:us-east-1:221500065327:security-group/sg-0ea0b9285e2afb6ea",
            "description": "Managed by Terraform",
            "egress": [
              {
                "cidr_blocks": [
                  "0.0.0.0/0"
                ],
                "description": "",
                "from_port": 0,
                "ipv6_cidr_blocks": [],
                "prefix_list_ids": [],
                "protocol": "-1",
                "security_groups": [],
                "self": false,
                "to_port": 0
              }
            ],
            "id": "sg-0ea0b9285e2afb6ea",
            "ingress": [
              {
                "cidr_blocks": [
                  "0.0.0.0/0"
                ],
                "description": "",
                "from_port": 22,
                "ipv6_cidr_blocks": [],
                "prefix_list_ids": [],
                "protocol": "tcp",
                "security_groups": [],
                "self": false,
                "to_port": 22
              },
              {
                "cidr_blocks": [
                  "0.0.0.0/0"
                ],
                "description": "",
                "from_port": 443,
                "ipv6_cidr_blocks": [],
                "prefix_list_ids": [],
                "protocol": "tcp",
                "security_groups": [],
                "self": false,
                "to_port": 443
              },
              {
                "cidr_blocks": [
                  "0.0.0.0/0"
                ],
                "description": "",
                "from_port": 5000,
                "ipv6_cidr_blocks": [],
                "prefix_list_ids": [],
                "protocol": "tcp",
                "security_groups": [],
                "self": false,
                "to_port": 5000
              }
            ],
            "name": "web-sg20250126183525041700000001",
            "name_prefix": "web-sg",
            "owner_id": "221500065327",
            "revoke_rules_on_delete": false,
            "tags": {},
            "tags_all": {},
            "timeouts": null,
            "vpc_id": "vpc-0e236649d31a84209"
          },
          "sensitive_attributes": [],
          "private": "eyJlMmJmYjczMC1lY2FhLTExZTYtOGY4OC0zNDM2M2JjN2M0YzAiOnsiY3JlYXRlIjo2MDAwMDAwMDAwMDAsImRlbGV0ZSI6OTAwMDAwMDAwMDAwfSwic2NoZW1hX3ZlcnNpb24iOiIxIn0="
        }
      ]
    },
    {
      "mode": "managed",
      "type": "tls_private_key",
      "name": "private_key",
      "provider": "provider[\"registry.terraform.io/hashicorp/tls\"]",
      "instances": [
        {
          "schema_version": 1,
          "attributes": {
            "algorithm": "RSA",
            "ecdsa_curve": "P224",
            "id": "c4d10b7c0472b28eb386a0d5feecfe53e0f567d5",
            "private_key_openssh": "-----BEGIN OPENSSH PRIVATE KEY-----\nb3BlbnNzaC1rZXktdjEAAAAABG5vbmUAAAAEbm9uZQAAAAAAAAABAAABFwAAAAdz\nc2gtcnNhAAAAAwEAAQAAAQEAyj9vofh3w4MykHQ9LEQurww0yV7DgrSDcdp3xS8E\npSGYQnETXx/1rR85ILP/L7kxdpufjc7Odp2ng8nXtTi5Vleis8jbarkHlyOQDOaR\nMfQ7iqGypn40BIeuld3Ab3TWJPRAyQ31VVMT0jEu41kVc/bZ/OnPx8sa3NHW0apD\nEIIw6e6Ppn5bIn1CfftNOeBPN1U3CSCg/j+cmPlHDNPBiS3xn0qtOGOgqprpKaRi\nY6yX1Zwm6iNLLjhNjyLj9CwrCeqQgVUImjEfNm+cbLZ1lZR1FW73Y5VRJw/+Q5Jd\n9qIUpxT8AUwEQya2LlDCtA/LosMfMlfuQr4t14GaQ4fIfQAAA7jrgBse64AbHgAA\nAAdzc2gtcnNhAAABAQDKP2+h+HfDgzKQdD0sRC6vDDTJXsOCtINx2nfFLwSlIZhC\ncRNfH/WtHzkgs/8vuTF2m5+Nzs52naeDyde1OLlWV6KzyNtquQeXI5AM5pEx9DuK\nobKmfjQEh66V3cBvdNYk9EDJDfVVUxPSMS7jWRVz9tn86c/Hyxrc0dbRqkMQgjDp\n7o+mflsifUJ9+0054E83VTcJIKD+P5yY+UcM08GJLfGfSq04Y6CqmukppGJjrJfV\nnCbqI0suOE2PIuP0LCsJ6pCBVQiaMR82b5xstnWVlHUVbvdjlVEnD/5Dkl32ohSn\nFPwBTARDJrYuUMK0D8uiwx8yV+5Cvi3XgZpDh8h9AAAAAwEAAQAAAQEAli10nzj4\n9Vy+dzVZFz2pzKGrsLuFQdD4qdonhWvcbyH7BZshX0lEDEFbEkWV/8HsUL5OQ+aE\nuN9oPBvs6MwuE0cPsaA8DYtHb5sgo/OxbP6GF/LpzWd5CMQXh4EaG6kOOnKEiMas\nnacK2NFcl8TWgT2TsJGNkDXoxH+snBNpqR8xdlOtAUwubooIlQtsh2sSMa9geWFg\n44ciUBdEYKzCHRM02mJ1njEHYHu8Xo03eCntOQn4i81/JwYazdGDcIjCr/ROdoBl\nJAN4wcjy6GqFj+Jdyq9g9PRp246xHlOSwl2dJzzcjtyGkkBiMKgJPH6ACa6q/0R7\nXkI81CPDCcSZAQAAAIEA0xqQqkuv8IRIvXW5EVcRhr+bNuoGtmfLegiJShrZerFH\nW7sAQruLZJHKYUFXuNwZ5zyCoeXLWwdFMkIm46XvOCJtqfdOU/cYZYu/BA9HAUAn\nA8BEZuT16fIApTNTWMrEhV7zv6AZvuxr8as4BvMkXE+9+OWHWrk3Q4lDHFzqgi8A\nAACBAOOSSyJzXpT4futniDPUpDyLJY+VCOdypSLaL30vlXOpuyfRklYcPHelcBqg\nyiudqZugHBhI2L6v2rZf/r94k/sp6/TcDULRBkiB3B0Pupsl/EPvD0Txj2JSnwHw\n+Qxnt+8P78K70PEaCusa2fIbt4ku3nKr+SisHo3H6XLUQIOFAAAAgQDjg0uJXsJu\nnS0kjI9Jm/0bJg35o/mfV8waw77zBe7gRnF5OXXDOLxHRV8tK6tCEN9lPH2Q2ee4\nBvx99HPi0fjLy1YcKCtN5+2J356gDkHZtTPf8TxpPNeaqTe54wzgfPFNwW4Cir8D\nQlKbIuW9VrG/3RG4yEb67+W4xea66WjWmQAAAAAB\n-----END OPENSSH PRIVATE KEY-----\n",
            "private_key_pem": "-----BEGIN RSA PRIVATE KEY-----\nMIIEpAIBAAKCAQEAyj9vofh3w4MykHQ9LEQurww0yV7DgrSDcdp3xS8EpSGYQnET\nXx/1rR85ILP/L7kxdpufjc7Odp2ng8nXtTi5Vleis8jbarkHlyOQDOaRMfQ7iqGy\npn40BIeuld3Ab3TWJPRAyQ31VVMT0jEu41kVc/bZ/OnPx8sa3NHW0apDEIIw6e6P\npn5bIn1CfftNOeBPN1U3CSCg/j+cmPlHDNPBiS3xn0qtOGOgqprpKaRiY6yX1Zwm\n6iNLLjhNjyLj9CwrCeqQgVUImjEfNm+cbLZ1lZR1FW73Y5VRJw/+Q5Jd9qIUpxT8\nAUwEQya2LlDCtA/LosMfMlfuQr4t14GaQ4fIfQIDAQABAoIBAQCWLXSfOPj1XL53\nNVkXPanMoauwu4VB0Pip2ieFa9xvIfsFmyFfSUQMQVsSRZX/wexQvk5D5oS432g8\nG+zozC4TRw+xoDwNi0dvmyCj87Fs/oYX8unNZ3kIxBeHgRobqQ46coSIxqydpwrY\n0VyXxNaBPZOwkY2QNejEf6ycE2mpHzF2U60BTC5uigiVC2yHaxIxr2B5YWDjhyJQ\nF0RgrMIdEzTaYnWeMQdge7xejTd4Ke05CfiLzX8nBhrN0YNwiMKv9E52gGUkA3jB\nyPLoaoWP4l3Kr2D09GnbjrEeU5LCXZ0nPNyO3IaSQGIwqAk8foAJrqr/RHteQjzU\nI8MJxJkBAoGBAOOSSyJzXpT4futniDPUpDyLJY+VCOdypSLaL30vlXOpuyfRklYc\nPHelcBqgyiudqZugHBhI2L6v2rZf/r94k/sp6/TcDULRBkiB3B0Pupsl/EPvD0Tx\nj2JSnwHw+Qxnt+8P78K70PEaCusa2fIbt4ku3nKr+SisHo3H6XLUQIOFAoGBAOOD\nS4lewm6dLSSMj0mb/RsmDfmj+Z9XzBrDvvMF7uBGcXk5dcM4vEdFXy0rq0IQ32U8\nfZDZ57gG/H30c+LR+MvLVhwoK03n7YnfnqAOQdm1M9/xPGk815qpN7njDOB88U3B\nbgKKvwNCUpsi5b1Wsb/dEbjIRvrv5bjF5rrpaNaZAoGAPORoNk+ofzP+wf5x82xy\nhcC1zDWUrFmA1lKLYnPZCZng+kaZYXEsvNcHqBheAE2vlHTDD7xuQpfLbgFBqPoa\nnpoZCOvYoIhNphkZTK1owRro5USSUWBRfX2eDmbsPOWD0fPxs6mNvvW49i+5IY9J\nDOv9mbFqefeUNVvIm3Ev0gECgYBnQ4abeSki77A3sJywul5tXh5luqloS39WfpZC\n0+SSYybJ8OykiTHb337Nj86Rk/rxhj0v69eizXj46mVXBBq61TXmXc0Z9TT5qUfk\nOdRlrjs3X9UdpwHtLvUeKBIGKm+T7UGzYapFHmtEAtjn0VuoS/zpM+4To6NO9HQ/\nTgXJsQKBgQDTGpCqS6/whEi9dbkRVxGGv5s26ga2Z8t6CIlKGtl6sUdbuwBCu4tk\nkcphQVe43BnnPIKh5ctbB0UyQibjpe84Im2p905T9xhli78ED0cBQCcDwERm5PXp\n8gClM1NYysSFXvO/oBm+7GvxqzgG8yRcT7345YdauTdDiUMcXOqCLw==\n-----END RSA PRIVATE KEY-----\n",
            "private_key_pem_pkcs8": "-----BEGIN PRIVATE KEY-----\nMIIEvgIBADANBgkqhkiG9w0BAQEFAASCBKgwggSkAgEAAoIBAQDKP2+h+HfDgzKQ\ndD0sRC6vDDTJXsOCtINx2nfFLwSlIZhCcRNfH/WtHzkgs/8vuTF2m5+Nzs52naeD\nyde1OLlWV6KzyNtquQeXI5AM5pEx9DuKobKmfjQEh66V3cBvdNYk9EDJDfVVUxPS\nMS7jWRVz9tn86c/Hyxrc0dbRqkMQgjDp7o+mflsifUJ9+0054E83VTcJIKD+P5yY\n+UcM08GJLfGfSq04Y6CqmukppGJjrJfVnCbqI0suOE2PIuP0LCsJ6pCBVQiaMR82\nb5xstnWVlHUVbvdjlVEnD/5Dkl32ohSnFPwBTARDJrYuUMK0D8uiwx8yV+5Cvi3X\ngZpDh8h9AgMBAAECggEBAJYtdJ84+PVcvnc1WRc9qcyhq7C7hUHQ+KnaJ4Vr3G8h\n+wWbIV9JRAxBWxJFlf/B7FC+TkPmhLjfaDwb7OjMLhNHD7GgPA2LR2+bIKPzsWz+\nhhfy6c1neQjEF4eBGhupDjpyhIjGrJ2nCtjRXJfE1oE9k7CRjZA16MR/rJwTaakf\nMXZTrQFMLm6KCJULbIdrEjGvYHlhYOOHIlAXRGCswh0TNNpidZ4xB2B7vF6NN3gp\n7TkJ+IvNfycGGs3Rg3CIwq/0TnaAZSQDeMHI8uhqhY/iXcqvYPT0aduOsR5TksJd\nnSc83I7chpJAYjCoCTx+gAmuqv9Ee15CPNQjwwnEmQECgYEA45JLInNelPh+62eI\nM9SkPIslj5UI53KlItovfS+Vc6m7J9GSVhw8d6VwGqDKK52pm6AcGEjYvq/atl/+\nv3iT+ynr9NwNQtEGSIHcHQ+6myX8Q+8PRPGPYlKfAfD5DGe37w/vwrvQ8RoK6xrZ\n8hu3iS7ecqv5KKwejcfpctRAg4UCgYEA44NLiV7Cbp0tJIyPSZv9GyYN+aP5n1fM\nGsO+8wXu4EZxeTl1wzi8R0VfLSurQhDfZTx9kNnnuAb8ffRz4tH4y8tWHCgrTeft\nid+eoA5B2bUz3/E8aTzXmqk3ueMM4HzxTcFuAoq/A0JSmyLlvVaxv90RuMhG+u/l\nuMXmuulo1pkCgYA85Gg2T6h/M/7B/nHzbHKFwLXMNZSsWYDWUotic9kJmeD6Rplh\ncSy81weoGF4ATa+UdMMPvG5Cl8tuAUGo+hqemhkI69igiE2mGRlMrWjBGujlRJJR\nYFF9fZ4OZuw85YPR8/GzqY2+9bj2L7khj0kM6/2ZsWp595Q1W8ibcS/SAQKBgGdD\nhpt5KSLvsDewnLC6Xm1eHmW6qWhLf1Z+lkLT5JJjJsnw7KSJMdvffs2PzpGT+vGG\nPS/r16LNePjqZVcEGrrVNeZdzRn1NPmpR+Q51GWuOzdf1R2nAe0u9R4oEgYqb5Pt\nQbNhqkUea0QC2OfRW6hL/Okz7hOjo070dD9OBcmxAoGBANMakKpLr/CESL11uRFX\nEYa/mzbqBrZny3oIiUoa2XqxR1u7AEK7i2SRymFBV7jcGec8gqHly1sHRTJCJuOl\n7zgiban3TlP3GGWLvwQPRwFAJwPARGbk9enyAKUzU1jKxIVe87+gGb7sa/GrOAbz\nJFxPvfjlh1q5N0OJQxxc6oIv\n-----END PRIVATE KEY-----\n",
            "public_key_fingerprint_md5": "8c:2f:25:0c:70:cd:52:c7:1c:59:16:ce:8f:73:e8:d5",
            "public_key_fingerprint_sha256": "SHA256:0Rvpo2BgK2pvJ3kcPpgyHYSFxPLeWrpntcKDomfpkQs",
            "public_key_openssh": "ssh-rsa AAAAB3NzaC1yc2EAAAADAQABAAABAQDKP2+h+HfDgzKQdD0sRC6vDDTJXsOCtINx2nfFLwSlIZhCcRNfH/WtHzkgs/8vuTF2m5+Nzs52naeDyde1OLlWV6KzyNtquQeXI5AM5pEx9DuKobKmfjQEh66V3cBvdNYk9EDJDfVVUxPSMS7jWRVz9tn86c/Hyxrc0dbRqkMQgjDp7o+mflsifUJ9+0054E83VTcJIKD+P5yY+UcM08GJLfGfSq04Y6CqmukppGJjrJfVnCbqI0suOE2PIuP0LCsJ6pCBVQiaMR82b5xstnWVlHUVbvdjlVEnD/5Dkl32ohSnFPwBTARDJrYuUMK0D8uiwx8yV+5Cvi3XgZpDh8h9\n",
            "public_key_pem": "-----BEGIN PUBLIC KEY-----\nMIIBIjANBgkqhkiG9w0BAQEFAAOCAQ8AMIIBCgKCAQEAyj9vofh3w4MykHQ9LEQu\nrww0yV7DgrSDcdp3xS8EpSGYQnETXx/1rR85ILP/L7kxdpufjc7Odp2ng8nXtTi5\nVleis8jbarkHlyOQDOaRMfQ7iqGypn40BIeuld3Ab3TWJPRAyQ31VVMT0jEu41kV\nc/bZ/OnPx8sa3NHW0apDEIIw6e6Ppn5bIn1CfftNOeBPN1U3CSCg/j+cmPlHDNPB\niS3xn0qtOGOgqprpKaRiY6yX1Zwm6iNLLjhNjyLj9CwrCeqQgVUImjEfNm+cbLZ1\nlZR1FW73Y5VRJw/+Q5Jd9qIUpxT8AUwEQya2LlDCtA/LosMfMlfuQr4t14GaQ4fI\nfQIDAQAB\n-----END PUBLIC KEY-----\n",
            "rsa_bits": 2048
          },
          "sensitive_attributes": [
            [
              {
                "type": "get_attr",
                "value": "private_key_pem_pkcs8"
              }
            ],
            [
              {
                "type": "get_attr",
                "value": "private_key_pem"
              }
            ],
            [
              {
                "type": "get_attr",
                "value": "private_key_openssh"
              }
            ]
          ]
        }
      ]
    },
    {
      "mode": "managed",
      "type": "tls_self_signed_cert",
      "name": "self_signed_cert",
      "provider": "provider[\"registry.terraform.io/hashicorp/tls\"]",
      "instances": [
        {
          "schema_version": 0,
          "attributes": {
            "allowed_uses": [
              "key_encipherment",
              "digital_signature",
              "server_auth"
            ],
            "cert_pem": "-----BEGIN CERTIFICATE-----\nMIIDhDCCAmygAwIBAgIRAIiMOPwjVzxtPR8xIP0gD2IwDQYJKoZIhvcNAQELBQAw\nYjELMAkGA1UEBhMCSU4xEjAQBgNVBAgTCUthcm5hdGFrYTESMBAGA1UEBxMJQmFu\nZ2Fsb3JlMQ4wDAYDVQQKEwVSZWFyYzEbMBkGA1UEAxMSd3d3LnJlYXJjLXRlc3Qu\nY29tMB4XDTI1MDEyNjE4MzUyM1oXDTI2MDEyNjE4MzUyM1owYjELMAkGA1UEBhMC\nSU4xEjAQBgNVBAgTCUthcm5hdGFrYTESMBAGA1UEBxMJQmFuZ2Fsb3JlMQ4wDAYD\nVQQKEwVSZWFyYzEbMBkGA1UEAxMSd3d3LnJlYXJjLXRlc3QuY29tMIIBIjANBgkq\nhkiG9w0BAQEFAAOCAQ8AMIIBCgKCAQEAyj9vofh3w4MykHQ9LEQurww0yV7DgrSD\ncdp3xS8EpSGYQnETXx/1rR85ILP/L7kxdpufjc7Odp2ng8nXtTi5Vleis8jbarkH\nlyOQDOaRMfQ7iqGypn40BIeuld3Ab3TWJPRAyQ31VVMT0jEu41kVc/bZ/OnPx8sa\n3NHW0apDEIIw6e6Ppn5bIn1CfftNOeBPN1U3CSCg/j+cmPlHDNPBiS3xn0qtOGOg\nqprpKaRiY6yX1Zwm6iNLLjhNjyLj9CwrCeqQgVUImjEfNm+cbLZ1lZR1FW73Y5VR\nJw/+Q5Jd9qIUpxT8AUwEQya2LlDCtA/LosMfMlfuQr4t14GaQ4fIfQIDAQABozUw\nMzAOBgNVHQ8BAf8EBAMCBaAwEwYDVR0lBAwwCgYIKwYBBQUHAwEwDAYDVR0TAQH/\nBAIwADANBgkqhkiG9w0BAQsFAAOCAQEAUOg+okipf6NKN4GKZTffxg2DjKy16Bzq\nrjK9pexmUyPNN7Eopcv5qlz2VVyP1OpnhyFzXRhIbfxHPvGkXqIxXHulGVJ1vG+D\nJJDsodY9ZlBydmDORU8JSyhAJGp398ulGb7DDtqMFU2PL83WzLmqmF0ugUjCwKVz\n5Z1gNeMfXMMH0HkvzmB6IOcGwFGfZsZrUwIz352t5UIHvnDfHu7f7Eq4AUPfeWDw\nGUD6HimaB/nGF6rFFaYhOesLkRpz4UQq8ox4gU8GWRr5tn3z/6hNX+XdDG0jY6g0\nd1k0+EhccAuQgTnZWPvoeAUz1RJUWV6VCYlFvnIuLKGzEgXRisxufg==\n-----END CERTIFICATE-----\n",
            "dns_names": null,
            "early_renewal_hours": 0,
            "id": "181503084778315629918210763638332985186",
            "ip_addresses": null,
            "is_ca_certificate": false,
            "key_algorithm": "RSA",
            "private_key_pem": "-----BEGIN RSA PRIVATE KEY-----\nMIIEpAIBAAKCAQEAyj9vofh3w4MykHQ9LEQurww0yV7DgrSDcdp3xS8EpSGYQnET\nXx/1rR85ILP/L7kxdpufjc7Odp2ng8nXtTi5Vleis8jbarkHlyOQDOaRMfQ7iqGy\npn40BIeuld3Ab3TWJPRAyQ31VVMT0jEu41kVc/bZ/OnPx8sa3NHW0apDEIIw6e6P\npn5bIn1CfftNOeBPN1U3CSCg/j+cmPlHDNPBiS3xn0qtOGOgqprpKaRiY6yX1Zwm\n6iNLLjhNjyLj9CwrCeqQgVUImjEfNm+cbLZ1lZR1FW73Y5VRJw/+Q5Jd9qIUpxT8\nAUwEQya2LlDCtA/LosMfMlfuQr4t14GaQ4fIfQIDAQABAoIBAQCWLXSfOPj1XL53\nNVkXPanMoauwu4VB0Pip2ieFa9xvIfsFmyFfSUQMQVsSRZX/wexQvk5D5oS432g8\nG+zozC4TRw+xoDwNi0dvmyCj87Fs/oYX8unNZ3kIxBeHgRobqQ46coSIxqydpwrY\n0VyXxNaBPZOwkY2QNejEf6ycE2mpHzF2U60BTC5uigiVC2yHaxIxr2B5YWDjhyJQ\nF0RgrMIdEzTaYnWeMQdge7xejTd4Ke05CfiLzX8nBhrN0YNwiMKv9E52gGUkA3jB\nyPLoaoWP4l3Kr2D09GnbjrEeU5LCXZ0nPNyO3IaSQGIwqAk8foAJrqr/RHteQjzU\nI8MJxJkBAoGBAOOSSyJzXpT4futniDPUpDyLJY+VCOdypSLaL30vlXOpuyfRklYc\nPHelcBqgyiudqZugHBhI2L6v2rZf/r94k/sp6/TcDULRBkiB3B0Pupsl/EPvD0Tx\nj2JSnwHw+Qxnt+8P78K70PEaCusa2fIbt4ku3nKr+SisHo3H6XLUQIOFAoGBAOOD\nS4lewm6dLSSMj0mb/RsmDfmj+Z9XzBrDvvMF7uBGcXk5dcM4vEdFXy0rq0IQ32U8\nfZDZ57gG/H30c+LR+MvLVhwoK03n7YnfnqAOQdm1M9/xPGk815qpN7njDOB88U3B\nbgKKvwNCUpsi5b1Wsb/dEbjIRvrv5bjF5rrpaNaZAoGAPORoNk+ofzP+wf5x82xy\nhcC1zDWUrFmA1lKLYnPZCZng+kaZYXEsvNcHqBheAE2vlHTDD7xuQpfLbgFBqPoa\nnpoZCOvYoIhNphkZTK1owRro5USSUWBRfX2eDmbsPOWD0fPxs6mNvvW49i+5IY9J\nDOv9mbFqefeUNVvIm3Ev0gECgYBnQ4abeSki77A3sJywul5tXh5luqloS39WfpZC\n0+SSYybJ8OykiTHb337Nj86Rk/rxhj0v69eizXj46mVXBBq61TXmXc0Z9TT5qUfk\nOdRlrjs3X9UdpwHtLvUeKBIGKm+T7UGzYapFHmtEAtjn0VuoS/zpM+4To6NO9HQ/\nTgXJsQKBgQDTGpCqS6/whEi9dbkRVxGGv5s26ga2Z8t6CIlKGtl6sUdbuwBCu4tk\nkcphQVe43BnnPIKh5ctbB0UyQibjpe84Im2p905T9xhli78ED0cBQCcDwERm5PXp\n8gClM1NYysSFXvO/oBm+7GvxqzgG8yRcT7345YdauTdDiUMcXOqCLw==\n-----END RSA PRIVATE KEY-----\n",
            "ready_for_renewal": false,
            "set_authority_key_id": false,
            "set_subject_key_id": false,
            "subject": [
              {
                "common_name": "www.rearc-test.com",
                "country": "IN",
                "locality": "Bangalore",
                "organization": "Rearc",
                "organizational_unit": null,
                "postal_code": null,
                "province": "Karnataka",
                "serial_number": null,
                "street_address": null
              }
            ],
            "uris": null,
            "validity_end_time": "2026-01-27T00:05:23.9937866+05:30",
            "validity_period_hours": 8760,
            "validity_start_time": "2025-01-27T00:05:23.9937866+05:30"
          },
          "sensitive_attributes": [
            [
              {
                "type": "get_attr",
                "value": "private_key_pem"
              }
            ]
          ],
          "dependencies": [
            "tls_private_key.private_key"
          ]
        }
      ]
    }
  ],
  "check_results": null
}
